
Microsoft Visual Studio Solution File, Format Version 12.00
# Visual Studio Version 17
VisualStudioVersion = 17.13.35913.81
MinimumVisualStudioVersion = 10.0.40219.1
Project("{8BC9CEB8-8B4A-11D0-8D11-00A0C91BC942}") = "Tiny", "Tiny\Tiny.vcxproj", "{DE685FBF-E109-4499-91F2-33FAB22907E4}"
EndProject
Project("{8BC9CEB8-8B4A-11D0-8D11-00A0C91BC942}") = "TinySandbox", "TinySandbox\TinySandbox.vcxproj", "{5DF11AB9-0124-4786-A4D4-608AB2EFE3C8}"
EndProject
Project("{8BC9CEB8-8B4A-11D0-8D11-00A0C91BC942}") = "TinyEditor", "TinyEditor\TinyEditor.vcxproj", "{15C9FA1A-3BCA-446E-AA60-02518DE055D6}"
EndProject
Project("{2150E333-8FDC-42A3-9474-1A3956D46DE8}") = "Demo", "Demo", "{02EA681E-C7D8-13C7-8484-4AC65E1B71E8}"
EndProject
Project("{8BC9CEB8-8B4A-11D0-8D11-00A0C91BC942}") = "DemoUnlit", "DemoUnlit\DemoUnlit.vcxproj", "{941FA7A8-233E-4DD9-82AD-8240BDAADBFB}"
EndProject
Project("{8BC9CEB8-8B4A-11D0-8D11-00A0C91BC942}") = "DemoCustomRenderer", "DemoCustomRenderer\DemoCustomRenderer.vcxproj", "{989260F0-9020-4189-9484-A90CFC2B5238}"
EndProject
Global
	GlobalSection(SolutionConfigurationPlatforms) = preSolution
		Debug|x64 = Debug|x64
		Debug|x86 = Debug|x86
		Release|x64 = Release|x64
		Release|x86 = Release|x86
	EndGlobalSection
	GlobalSection(ProjectConfigurationPlatforms) = postSolution
		{DE685FBF-E109-4499-91F2-33FAB22907E4}.Debug|x64.ActiveCfg = Debug|x64
		{DE685FBF-E109-4499-91F2-33FAB22907E4}.Debug|x64.Build.0 = Debug|x64
		{DE685FBF-E109-4499-91F2-33FAB22907E4}.Debug|x86.ActiveCfg = Debug|Win32
		{DE685FBF-E109-4499-91F2-33FAB22907E4}.Debug|x86.Build.0 = Debug|Win32
		{DE685FBF-E109-4499-91F2-33FAB22907E4}.Release|x64.ActiveCfg = Release|x64
		{DE685FBF-E109-4499-91F2-33FAB22907E4}.Release|x64.Build.0 = Release|x64
		{DE685FBF-E109-4499-91F2-33FAB22907E4}.Release|x86.ActiveCfg = Release|Win32
		{DE685FBF-E109-4499-91F2-33FAB22907E4}.Release|x86.Build.0 = Release|Win32
		{5DF11AB9-0124-4786-A4D4-608AB2EFE3C8}.Debug|x64.ActiveCfg = Debug|x64
		{5DF11AB9-0124-4786-A4D4-608AB2EFE3C8}.Debug|x64.Build.0 = Debug|x64
		{5DF11AB9-0124-4786-A4D4-608AB2EFE3C8}.Debug|x86.ActiveCfg = Debug|Win32
		{5DF11AB9-0124-4786-A4D4-608AB2EFE3C8}.Debug|x86.Build.0 = Debug|Win32
		{5DF11AB9-0124-4786-A4D4-608AB2EFE3C8}.Release|x64.ActiveCfg = Release|x64
		{5DF11AB9-0124-4786-A4D4-608AB2EFE3C8}.Release|x64.Build.0 = Release|x64
		{5DF11AB9-0124-4786-A4D4-608AB2EFE3C8}.Release|x86.ActiveCfg = Release|Win32
		{5DF11AB9-0124-4786-A4D4-608AB2EFE3C8}.Release|x86.Build.0 = Release|Win32
		{15C9FA1A-3BCA-446E-AA60-02518DE055D6}.Debug|x64.ActiveCfg = Debug|x64
		{15C9FA1A-3BCA-446E-AA60-02518DE055D6}.Debug|x64.Build.0 = Debug|x64
		{15C9FA1A-3BCA-446E-AA60-02518DE055D6}.Debug|x86.ActiveCfg = Debug|Win32
		{15C9FA1A-3BCA-446E-AA60-02518DE055D6}.Debug|x86.Build.0 = Debug|Win32
		{15C9FA1A-3BCA-446E-AA60-02518DE055D6}.Release|x64.ActiveCfg = Release|x64
		{15C9FA1A-3BCA-446E-AA60-02518DE055D6}.Release|x64.Build.0 = Release|x64
		{15C9FA1A-3BCA-446E-AA60-02518DE055D6}.Release|x86.ActiveCfg = Release|Win32
		{15C9FA1A-3BCA-446E-AA60-02518DE055D6}.Release|x86.Build.0 = Release|Win32
		{941FA7A8-233E-4DD9-82AD-8240BDAADBFB}.Debug|x64.ActiveCfg = Debug|x64
		{941FA7A8-233E-4DD9-82AD-8240BDAADBFB}.Debug|x64.Build.0 = Debug|x64
		{941FA7A8-233E-4DD9-82AD-8240BDAADBFB}.Debug|x86.ActiveCfg = Debug|Win32
		{941FA7A8-233E-4DD9-82AD-8240BDAADBFB}.Debug|x86.Build.0 = Debug|Win32
		{941FA7A8-233E-4DD9-82AD-8240BDAADBFB}.Release|x64.ActiveCfg = Release|x64
		{941FA7A8-233E-4DD9-82AD-8240BDAADBFB}.Release|x64.Build.0 = Release|x64
		{941FA7A8-233E-4DD9-82AD-8240BDAADBFB}.Release|x86.ActiveCfg = Release|Win32
		{941FA7A8-233E-4DD9-82AD-8240BDAADBFB}.Release|x86.Build.0 = Release|Win32
		{989260F0-9020-4189-9484-A90CFC2B5238}.Debug|x64.ActiveCfg = Debug|x64
		{989260F0-9020-4189-9484-A90CFC2B5238}.Debug|x64.Build.0 = Debug|x64
		{989260F0-9020-4189-9484-A90CFC2B5238}.Debug|x86.ActiveCfg = Debug|Win32
		{989260F0-9020-4189-9484-A90CFC2B5238}.Debug|x86.Build.0 = Debug|Win32
		{989260F0-9020-4189-9484-A90CFC2B5238}.Release|x64.ActiveCfg = Release|x64
		{989260F0-9020-4189-9484-A90CFC2B5238}.Release|x64.Build.0 = Release|x64
		{989260F0-9020-4189-9484-A90CFC2B5238}.Release|x86.ActiveCfg = Release|Win32
		{989260F0-9020-4189-9484-A90CFC2B5238}.Release|x86.Build.0 = Release|Win32
	EndGlobalSection
	GlobalSection(SolutionProperties) = preSolution
		HideSolutionNode = FALSE
	EndGlobalSection
	GlobalSection(NestedProjects) = preSolution
		{941FA7A8-233E-4DD9-82AD-8240BDAADBFB} = {02EA681E-C7D8-13C7-8484-4AC65E1B71E8}
		{989260F0-9020-4189-9484-A90CFC2B5238} = {02EA681E-C7D8-13C7-8484-4AC65E1B71E8}
	EndGlobalSection
	GlobalSection(ExtensibilityGlobals) = postSolution
		SolutionGuid = {1A763F21-79DF-4204-B98D-FC5212BBEB40}
	EndGlobalSection
EndGlobal
