<?xml version="1.0" encoding="utf-8"?>
<Project ToolsVersion="4.0" xmlns="http://schemas.microsoft.com/developer/msbuild/2003">
  <ItemGroup>
    <ClCompile Include="fx\registry.cpp" />
    <ClCompile Include="fx\shaderfx.cpp" />
    <ClCompile Include="content\assets.cpp" />
    <ClCompile Include="content\content.cpp" />
    <ClCompile Include="dllmain.cpp" />
    <ClCompile Include="content\stdmat.cpp" />
    <ClCompile Include="graphics\gpuqueue.cpp" />
    <ClCompile Include="graphics\gfxglobal.cpp" />
    <ClCompile Include="graphics\descriptors.cpp" />
    <ClCompile Include="graphics\viewport.cpp" />
    <ClCompile Include="graphics\d3dcontext.cpp" />
    <ClCompile Include="graphics\gpuresource.cpp" />
    <ClCompile Include="engine\application.cpp" />
    <ClCompile Include="graphics\renderctx.cpp" />
    <ClCompile Include="engine\scene.cpp" />
    <ClCompile Include="engine\camera.cpp" />
    <ClCompile Include="content\stdpass.cpp" />
    <ClCompile Include="graphics\framegraph.cpp" />
    <ClCompile Include="graphics\copyqueue.cpp" />
    <ClCompile Include="graphics\renderer.cpp" />
    <ClCompile Include="graphics\pass.cpp" />
  </ItemGroup>
  <ItemGroup>
    <ClInclude Include="fx\registry.h" />
    <ClInclude Include="fx\registry_internal.h" />
    <ClInclude Include="fx\shaderfx.h" />
    <ClInclude Include="content\assets.h" />
    <ClInclude Include="content\content.h" />
    <ClInclude Include="entt.hpp" />
    <ClInclude Include="content\stdmat.h" />
    <ClInclude Include="common.h" />
    <ClInclude Include="d3dx12.hpp" />
    <ClInclude Include="resource1.h" />
    <ClInclude Include="fx\shaderfx_internal.h" />
    <ClInclude Include="graphics\gpuqueue.h" />
    <ClInclude Include="graphics\gfxglobal.h" />
    <ClInclude Include="graphics\descriptors.h" />
    <ClInclude Include="graphics\viewport.h" />
    <ClInclude Include="graphics\d3dcontext.h" />
    <ClInclude Include="graphics\gpuresource.h" />
    <ClInclude Include="engine\application.h" />
    <ClInclude Include="engine\window_internal.h" />
    <ClInclude Include="graphics\renderctx.h" />
    <ClInclude Include="taskflow\taskflow.hpp" />
    <ClInclude Include="taskflow\utility\iterator.hpp" />
    <ClInclude Include="taskflow\utility\latch.hpp" />
    <ClInclude Include="taskflow\utility\macros.hpp" />
    <ClInclude Include="taskflow\utility\math.hpp" />
    <ClInclude Include="taskflow\utility\mpmc.hpp" />
    <ClInclude Include="taskflow\utility\object_pool.hpp" />
    <ClInclude Include="taskflow\utility\os.hpp" />
    <ClInclude Include="taskflow\utility\serializer.hpp" />
    <ClInclude Include="taskflow\utility\singleton.hpp" />
    <ClInclude Include="taskflow\utility\small_vector.hpp" />
    <ClInclude Include="taskflow\utility\stream.hpp" />
    <ClInclude Include="taskflow\utility\traits.hpp" />
    <ClInclude Include="taskflow\utility\uuid.hpp" />
    <ClInclude Include="taskflow\sycl\syclflow.hpp" />
    <ClInclude Include="taskflow\sycl\sycl_execution_policy.hpp" />
    <ClInclude Include="taskflow\sycl\sycl_graph.hpp" />
    <ClInclude Include="taskflow\sycl\sycl_meta.hpp" />
    <ClInclude Include="taskflow\sycl\sycl_task.hpp" />
    <ClInclude Include="taskflow\sycl\algorithm\reduce.hpp" />
    <ClInclude Include="taskflow\sycl\algorithm\sycl_for_each.hpp" />
    <ClInclude Include="taskflow\sycl\algorithm\sycl_transform.hpp" />
    <ClInclude Include="taskflow\dsl\connection.hpp" />
    <ClInclude Include="taskflow\dsl\dsl.hpp" />
    <ClInclude Include="taskflow\dsl\meta_macro.hpp" />
    <ClInclude Include="taskflow\dsl\task_analyzer.hpp" />
    <ClInclude Include="taskflow\dsl\task_dsl.hpp" />
    <ClInclude Include="taskflow\dsl\task_trait.hpp" />
    <ClInclude Include="taskflow\dsl\tuple_utils.hpp" />
    <ClInclude Include="taskflow\dsl\type_list.hpp" />
    <ClInclude Include="taskflow\cuda\cuda_capturer.hpp" />
    <ClInclude Include="taskflow\cuda\cuda_device.hpp" />
    <ClInclude Include="taskflow\cuda\cuda_error.hpp" />
    <ClInclude Include="taskflow\cuda\cuda_execution_policy.hpp" />
    <ClInclude Include="taskflow\cuda\cuda_graph.hpp" />
    <ClInclude Include="taskflow\cuda\cuda_memory.hpp" />
    <ClInclude Include="taskflow\cuda\cuda_meta.hpp" />
    <ClInclude Include="taskflow\cuda\cuda_object.hpp" />
    <ClInclude Include="taskflow\cuda\cuda_optimizer.hpp" />
    <ClInclude Include="taskflow\cuda\cuda_stream.hpp" />
    <ClInclude Include="taskflow\cuda\cuda_task.hpp" />
    <ClInclude Include="taskflow\cuda\cudaflow.hpp" />
    <ClInclude Include="taskflow\cuda\algorithm\find.hpp" />
    <ClInclude Include="taskflow\cuda\algorithm\for_each.hpp" />
    <ClInclude Include="taskflow\cuda\algorithm\matmul.hpp" />
    <ClInclude Include="taskflow\cuda\algorithm\merge.hpp" />
    <ClInclude Include="taskflow\cuda\algorithm\reduce.hpp" />
    <ClInclude Include="taskflow\cuda\algorithm\scan.hpp" />
    <ClInclude Include="taskflow\cuda\algorithm\sort.hpp" />
    <ClInclude Include="taskflow\cuda\algorithm\transform.hpp" />
    <ClInclude Include="taskflow\cuda\algorithm\transpose.hpp" />
    <ClInclude Include="taskflow\core\async.hpp" />
    <ClInclude Include="taskflow\core\async_task.hpp" />
    <ClInclude Include="taskflow\core\atomic_notifier.hpp" />
    <ClInclude Include="taskflow\core\declarations.hpp" />
    <ClInclude Include="taskflow\core\environment.hpp" />
    <ClInclude Include="taskflow\core\error.hpp" />
    <ClInclude Include="taskflow\core\executor.hpp" />
    <ClInclude Include="taskflow\core\flow_builder.hpp" />
    <ClInclude Include="taskflow\core\freelist.hpp" />
    <ClInclude Include="taskflow\core\graph.hpp" />
    <ClInclude Include="taskflow\core\nonblocking_notifier.hpp" />
    <ClInclude Include="taskflow\core\observer.hpp" />
    <ClInclude Include="taskflow\core\runtime.hpp" />
    <ClInclude Include="taskflow\core\semaphore.hpp" />
    <ClInclude Include="taskflow\core\task.hpp" />
    <ClInclude Include="taskflow\core\taskflow.hpp" />
    <ClInclude Include="taskflow\core\topology.hpp" />
    <ClInclude Include="taskflow\core\tsq.hpp" />
    <ClInclude Include="taskflow\core\worker.hpp" />
    <ClInclude Include="taskflow\algorithm\algorithm.hpp" />
    <ClInclude Include="taskflow\algorithm\data_pipeline.hpp" />
    <ClInclude Include="taskflow\algorithm\find.hpp" />
    <ClInclude Include="taskflow\algorithm\for_each.hpp" />
    <ClInclude Include="taskflow\algorithm\module.hpp" />
    <ClInclude Include="taskflow\algorithm\partitioner.hpp" />
    <ClInclude Include="taskflow\algorithm\pipeline.hpp" />
    <ClInclude Include="taskflow\algorithm\reduce.hpp" />
    <ClInclude Include="taskflow\algorithm\scan.hpp" />
    <ClInclude Include="taskflow\algorithm\sort.hpp" />
    <ClInclude Include="taskflow\algorithm\transform.hpp" />
    <ClInclude Include="engine\scene.h" />
    <ClInclude Include="misc\signals.hpp" />
    <ClInclude Include="misc\dispatcher.h" />
    <ClInclude Include="engine\camera.h" />
    <ClInclude Include="content\stdpass.h" />
    <ClInclude Include="meta.h" />
    <ClInclude Include="content\content_internal.h" />
    <ClInclude Include="graphics\framegraph.h" />
    <ClInclude Include="graphics\copyqueue.h" />
    <ClInclude Include="graphics\renderer.h" />
    <ClInclude Include="graphics\pass.h" />
  </ItemGroup>
  <ItemGroup>
    <ResourceCompile Include="Tiny.rc" />
  </ItemGroup>
</Project>