<?xml version="1.0" encoding="utf-8"?>
<Project ToolsVersion="4.0" xmlns="http://schemas.microsoft.com/developer/msbuild/2003">
  <ItemGroup>
    <ClCompile Include="fx\registry.cpp" />
    <ClCompile Include="fx\shaderfx.cpp" />
    <ClCompile Include="content\assets.cpp" />
    <ClCompile Include="content\content.cpp" />
    <ClCompile Include="dllmain.cpp" />
    <ClCompile Include="content\stdmat.cpp" />
    <ClCompile Include="graphics\gpuqueue.cpp" />
    <ClCompile Include="graphics\gfxglobal.cpp" />
    <ClCompile Include="graphics\descriptors.cpp" />
    <ClCompile Include="graphics\viewport.cpp" />
    <ClCompile Include="graphics\d3dcontext.cpp" />
    <ClCompile Include="engine\application.cpp" />
    <ClCompile Include="graphics\renderctx.cpp" />
    <ClCompile Include="engine\scene.cpp" />
    <ClCompile Include="graphics\framegraph.cpp" />
    <ClCompile Include="graphics\copyqueue.cpp" />
    <ClCompile Include="graphics\renderer.cpp" />
    <ClCompile Include="graphics\pass.cpp" />
    <ClCompile Include="content\techniques.cpp" />
    <ClCompile Include="graphics\cbringbuffer.cpp" />
    <ClCompile Include="graphics\gfxdebug.cpp" />
    <ClCompile Include="graphics\imgui\imgui.cpp" />
    <ClCompile Include="graphics\imgui\imgui_demo.cpp" />
    <ClCompile Include="graphics\imgui\imgui_draw.cpp" />
    <ClCompile Include="graphics\imgui\imgui_impl_dx12.cpp" />
    <ClCompile Include="graphics\imgui\imgui_impl_win32.cpp" />
    <ClCompile Include="graphics\imgui\imgui_tables.cpp" />
    <ClCompile Include="graphics\imgui\imgui_widgets.cpp" />
    <ClCompile Include="graphics\buffer.cpp" />
  </ItemGroup>
  <ItemGroup>
    <ClInclude Include="fx\registry.h" />
    <ClInclude Include="fx\registry_internal.h" />
    <ClInclude Include="fx\shaderfx.h" />
    <ClInclude Include="content\assets.h" />
    <ClInclude Include="content\content.h" />
    <ClInclude Include="entt.hpp" />
    <ClInclude Include="content\stdmat.h" />
    <ClInclude Include="common.h" />
    <ClInclude Include="d3dx12.hpp" />
    <ClInclude Include="resource1.h" />
    <ClInclude Include="fx\shaderfx_internal.h" />
    <ClInclude Include="graphics\gpuqueue.h" />
    <ClInclude Include="graphics\gfxglobal.h" />
    <ClInclude Include="graphics\descriptors.h" />
    <ClInclude Include="graphics\viewport.h" />
    <ClInclude Include="graphics\d3dcontext.h" />
    <ClInclude Include="engine\application.h" />
    <ClInclude Include="engine\window_internal.h" />
    <ClInclude Include="graphics\renderctx.h" />
    <ClInclude Include="taskflow\taskflow.hpp" />
    <ClInclude Include="taskflow\utility\iterator.hpp" />
    <ClInclude Include="taskflow\utility\latch.hpp" />
    <ClInclude Include="taskflow\utility\macros.hpp" />
    <ClInclude Include="taskflow\utility\math.hpp" />
    <ClInclude Include="taskflow\utility\mpmc.hpp" />
    <ClInclude Include="taskflow\utility\object_pool.hpp" />
    <ClInclude Include="taskflow\utility\os.hpp" />
    <ClInclude Include="taskflow\utility\serializer.hpp" />
    <ClInclude Include="taskflow\utility\singleton.hpp" />
    <ClInclude Include="taskflow\utility\small_vector.hpp" />
    <ClInclude Include="taskflow\utility\stream.hpp" />
    <ClInclude Include="taskflow\utility\traits.hpp" />
    <ClInclude Include="taskflow\utility\uuid.hpp" />
    <ClInclude Include="taskflow\sycl\syclflow.hpp" />
    <ClInclude Include="taskflow\sycl\sycl_execution_policy.hpp" />
    <ClInclude Include="taskflow\sycl\sycl_graph.hpp" />
    <ClInclude Include="taskflow\sycl\sycl_meta.hpp" />
    <ClInclude Include="taskflow\sycl\sycl_task.hpp" />
    <ClInclude Include="taskflow\sycl\algorithm\reduce.hpp" />
    <ClInclude Include="taskflow\sycl\algorithm\sycl_for_each.hpp" />
    <ClInclude Include="taskflow\sycl\algorithm\sycl_transform.hpp" />
    <ClInclude Include="taskflow\dsl\connection.hpp" />
    <ClInclude Include="taskflow\dsl\dsl.hpp" />
    <ClInclude Include="taskflow\dsl\meta_macro.hpp" />
    <ClInclude Include="taskflow\dsl\task_analyzer.hpp" />
    <ClInclude Include="taskflow\dsl\task_dsl.hpp" />
    <ClInclude Include="taskflow\dsl\task_trait.hpp" />
    <ClInclude Include="taskflow\dsl\tuple_utils.hpp" />
    <ClInclude Include="taskflow\dsl\type_list.hpp" />
    <ClInclude Include="taskflow\cuda\cuda_capturer.hpp" />
    <ClInclude Include="taskflow\cuda\cuda_device.hpp" />
    <ClInclude Include="taskflow\cuda\cuda_error.hpp" />
    <ClInclude Include="taskflow\cuda\cuda_execution_policy.hpp" />
    <ClInclude Include="taskflow\cuda\cuda_graph.hpp" />
    <ClInclude Include="taskflow\cuda\cuda_memory.hpp" />
    <ClInclude Include="taskflow\cuda\cuda_meta.hpp" />
    <ClInclude Include="taskflow\cuda\cuda_object.hpp" />
    <ClInclude Include="taskflow\cuda\cuda_optimizer.hpp" />
    <ClInclude Include="taskflow\cuda\cuda_stream.hpp" />
    <ClInclude Include="taskflow\cuda\cuda_task.hpp" />
    <ClInclude Include="taskflow\cuda\cudaflow.hpp" />
    <ClInclude Include="taskflow\cuda\algorithm\find.hpp" />
    <ClInclude Include="taskflow\cuda\algorithm\for_each.hpp" />
    <ClInclude Include="taskflow\cuda\algorithm\matmul.hpp" />
    <ClInclude Include="taskflow\cuda\algorithm\merge.hpp" />
    <ClInclude Include="taskflow\cuda\algorithm\reduce.hpp" />
    <ClInclude Include="taskflow\cuda\algorithm\scan.hpp" />
    <ClInclude Include="taskflow\cuda\algorithm\sort.hpp" />
    <ClInclude Include="taskflow\cuda\algorithm\transform.hpp" />
    <ClInclude Include="taskflow\cuda\algorithm\transpose.hpp" />
    <ClInclude Include="taskflow\core\async.hpp" />
    <ClInclude Include="taskflow\core\async_task.hpp" />
    <ClInclude Include="taskflow\core\atomic_notifier.hpp" />
    <ClInclude Include="taskflow\core\declarations.hpp" />
    <ClInclude Include="taskflow\core\environment.hpp" />
    <ClInclude Include="taskflow\core\error.hpp" />
    <ClInclude Include="taskflow\core\executor.hpp" />
    <ClInclude Include="taskflow\core\flow_builder.hpp" />
    <ClInclude Include="taskflow\core\freelist.hpp" />
    <ClInclude Include="taskflow\core\graph.hpp" />
    <ClInclude Include="taskflow\core\nonblocking_notifier.hpp" />
    <ClInclude Include="taskflow\core\observer.hpp" />
    <ClInclude Include="taskflow\core\runtime.hpp" />
    <ClInclude Include="taskflow\core\semaphore.hpp" />
    <ClInclude Include="taskflow\core\task.hpp" />
    <ClInclude Include="taskflow\core\taskflow.hpp" />
    <ClInclude Include="taskflow\core\topology.hpp" />
    <ClInclude Include="taskflow\core\tsq.hpp" />
    <ClInclude Include="taskflow\core\worker.hpp" />
    <ClInclude Include="taskflow\algorithm\algorithm.hpp" />
    <ClInclude Include="taskflow\algorithm\data_pipeline.hpp" />
    <ClInclude Include="taskflow\algorithm\find.hpp" />
    <ClInclude Include="taskflow\algorithm\for_each.hpp" />
    <ClInclude Include="taskflow\algorithm\module.hpp" />
    <ClInclude Include="taskflow\algorithm\partitioner.hpp" />
    <ClInclude Include="taskflow\algorithm\pipeline.hpp" />
    <ClInclude Include="taskflow\algorithm\reduce.hpp" />
    <ClInclude Include="taskflow\algorithm\scan.hpp" />
    <ClInclude Include="taskflow\algorithm\sort.hpp" />
    <ClInclude Include="taskflow\algorithm\transform.hpp" />
    <ClInclude Include="engine\scene.h" />
    <ClInclude Include="misc\dispatcher.h" />
    <ClInclude Include="meta.h" />
    <ClInclude Include="content\content_internal.h" />
    <ClInclude Include="graphics\framegraph.h" />
    <ClInclude Include="graphics\copyqueue.h" />
    <ClInclude Include="graphics\renderer.h" />
    <ClInclude Include="graphics\pass.h" />
    <ClInclude Include="content\cereal\external\rapidjson\error\en.h" />
    <ClInclude Include="content\cereal\external\rapidjson\error\error.h" />
    <ClInclude Include="content\cereal\external\rapidjson\internal\biginteger.h" />
    <ClInclude Include="content\cereal\external\rapidjson\internal\diyfp.h" />
    <ClInclude Include="content\cereal\external\rapidjson\internal\dtoa.h" />
    <ClInclude Include="content\cereal\external\rapidjson\internal\ieee754.h" />
    <ClInclude Include="content\cereal\external\rapidjson\internal\itoa.h" />
    <ClInclude Include="content\cereal\external\rapidjson\internal\meta.h" />
    <ClInclude Include="content\cereal\external\rapidjson\internal\pow10.h" />
    <ClInclude Include="content\cereal\external\rapidjson\internal\regex.h" />
    <ClInclude Include="content\cereal\external\rapidjson\internal\stack.h" />
    <ClInclude Include="content\cereal\external\rapidjson\internal\strfunc.h" />
    <ClInclude Include="content\cereal\external\rapidjson\internal\strtod.h" />
    <ClInclude Include="content\cereal\external\rapidjson\internal\swap.h" />
    <ClInclude Include="content\cereal\external\rapidjson\msinttypes\inttypes.h" />
    <ClInclude Include="content\cereal\external\rapidjson\msinttypes\stdint.h" />
    <ClInclude Include="content\cereal\external\rapidjson\allocators.h" />
    <ClInclude Include="content\cereal\external\rapidjson\cursorstreamwrapper.h" />
    <ClInclude Include="content\cereal\external\rapidjson\document.h" />
    <ClInclude Include="content\cereal\external\rapidjson\encodedstream.h" />
    <ClInclude Include="content\cereal\external\rapidjson\encodings.h" />
    <ClInclude Include="content\cereal\external\rapidjson\filereadstream.h" />
    <ClInclude Include="content\cereal\external\rapidjson\filewritestream.h" />
    <ClInclude Include="content\cereal\external\rapidjson\fwd.h" />
    <ClInclude Include="content\cereal\external\rapidjson\istreamwrapper.h" />
    <ClInclude Include="content\cereal\external\rapidjson\memorybuffer.h" />
    <ClInclude Include="content\cereal\external\rapidjson\memorystream.h" />
    <ClInclude Include="content\cereal\external\rapidjson\ostreamwrapper.h" />
    <ClInclude Include="content\cereal\external\rapidjson\pointer.h" />
    <ClInclude Include="content\cereal\external\rapidjson\prettywriter.h" />
    <ClInclude Include="content\cereal\external\rapidjson\rapidjson.h" />
    <ClInclude Include="content\cereal\external\rapidjson\reader.h" />
    <ClInclude Include="content\cereal\external\rapidjson\schema.h" />
    <ClInclude Include="content\cereal\external\rapidjson\stream.h" />
    <ClInclude Include="content\cereal\external\rapidjson\stringbuffer.h" />
    <ClInclude Include="content\cereal\external\rapidjson\writer.h" />
    <ClInclude Include="content\cereal\external\rapidxml\rapidxml.hpp" />
    <ClInclude Include="content\cereal\external\rapidxml\rapidxml_iterators.hpp" />
    <ClInclude Include="content\cereal\external\rapidxml\rapidxml_print.hpp" />
    <ClInclude Include="content\cereal\external\rapidxml\rapidxml_utils.hpp" />
    <ClInclude Include="content\cereal\external\base64.hpp" />
    <ClInclude Include="content\cereal\types\concepts\pair_associative_container.hpp" />
    <ClInclude Include="content\cereal\types\array.hpp" />
    <ClInclude Include="content\cereal\types\atomic.hpp" />
    <ClInclude Include="content\cereal\types\base_class.hpp" />
    <ClInclude Include="content\cereal\types\bitset.hpp" />
    <ClInclude Include="content\cereal\types\boost_variant.hpp" />
    <ClInclude Include="content\cereal\types\chrono.hpp" />
    <ClInclude Include="content\cereal\types\common.hpp" />
    <ClInclude Include="content\cereal\types\complex.hpp" />
    <ClInclude Include="content\cereal\types\deque.hpp" />
    <ClInclude Include="content\cereal\types\forward_list.hpp" />
    <ClInclude Include="content\cereal\types\functional.hpp" />
    <ClInclude Include="content\cereal\types\list.hpp" />
    <ClInclude Include="content\cereal\types\map.hpp" />
    <ClInclude Include="content\cereal\types\memory.hpp" />
    <ClInclude Include="content\cereal\types\optional.hpp" />
    <ClInclude Include="content\cereal\types\polymorphic.hpp" />
    <ClInclude Include="content\cereal\types\queue.hpp" />
    <ClInclude Include="content\cereal\types\set.hpp" />
    <ClInclude Include="content\cereal\types\stack.hpp" />
    <ClInclude Include="content\cereal\types\string.hpp" />
    <ClInclude Include="content\cereal\types\tuple.hpp" />
    <ClInclude Include="content\cereal\types\unordered_map.hpp" />
    <ClInclude Include="content\cereal\types\unordered_set.hpp" />
    <ClInclude Include="content\cereal\types\utility.hpp" />
    <ClInclude Include="content\cereal\types\valarray.hpp" />
    <ClInclude Include="content\cereal\types\variant.hpp" />
    <ClInclude Include="content\cereal\types\vector.hpp" />
    <ClInclude Include="content\cereal\access.hpp" />
    <ClInclude Include="content\cereal\cereal.hpp" />
    <ClInclude Include="content\cereal\macros.hpp" />
    <ClInclude Include="content\cereal\specialize.hpp" />
    <ClInclude Include="content\cereal\version.hpp" />
    <ClInclude Include="content\cereal\details\helpers.hpp" />
    <ClInclude Include="content\cereal\details\polymorphic_impl.hpp" />
    <ClInclude Include="content\cereal\details\polymorphic_impl_fwd.hpp" />
    <ClInclude Include="content\cereal\details\static_object.hpp" />
    <ClInclude Include="content\cereal\details\traits.hpp" />
    <ClInclude Include="content\cereal\details\util.hpp" />
    <ClInclude Include="content\cereal\archives\adapters.hpp" />
    <ClInclude Include="content\cereal\archives\binary.hpp" />
    <ClInclude Include="content\cereal\archives\json.hpp" />
    <ClInclude Include="content\cereal\archives\portable_binary.hpp" />
    <ClInclude Include="content\cereal\archives\xml.hpp" />
    <ClInclude Include="content\stb_image.h" />
    <ClInclude Include="content\techniques.h" />
    <ClInclude Include="graphics\gfxcommon.h" />
    <ClInclude Include="graphics\cbringbuffer.h" />
    <ClInclude Include="graphics\gfxdebug.h" />
    <ClInclude Include="graphics\imgui\imconfig.h" />
    <ClInclude Include="graphics\imgui\imgui.h" />
    <ClInclude Include="graphics\imgui\imgui_impl_dx12.h" />
    <ClInclude Include="graphics\imgui\imgui_impl_win32.h" />
    <ClInclude Include="graphics\imgui\imgui_internal.h" />
    <ClInclude Include="graphics\imgui\imstb_rectpack.h" />
    <ClInclude Include="graphics\imgui\imstb_textedit.h" />
    <ClInclude Include="graphics\imgui\imstb_truetype.h" />
    <ClInclude Include="graphics\buffer.h" />
  </ItemGroup>
  <ItemGroup>
    <ResourceCompile Include="Tiny.rc" />
  </ItemGroup>
  <ItemGroup>
    <None Include="content\cereal\external\rapidjson\LICENSE" />
    <None Include="content\cereal\external\rapidxml\manual.html" />
  </ItemGroup>
  <ItemGroup>
    <Text Include="content\cereal\external\rapidxml\license.txt" />
  </ItemGroup>
</Project>